{
  "originHash" : "4fa0609b1c7cdc3f59d07f93f56d9f41faac6ff44d1da432b954acba3a8c0be7",
  "pins" : [
    {
      "identity" : "opencombine",
      "kind" : "remoteSourceControl",
      "location" : "https://github.com/OpenCombine/OpenCombine.git",
      "state" : {
        "revision" : "8576f0d579b27020beccbccc3ea6844f3ddfc2c2",
        "version" : "0.14.0"
      }
    }
  ],
  "version" : 3
}
